// !$*UTF8*$!
{
	archiveVersion = 1;
	classes = {
	};
	objectVersion = 51;
	objects = {

/* Begin PBXBuildFile section */
		56A0737B618EDC4A1C4BD74F /* Pods_ProjectWinas.framework in Frameworks */ = {isa = PBXBuildFile; fileRef = 39CF61B707BA4CF79078B839 /* Pods_ProjectWinas.framework */; };
		EB3B8E172322330B0072564F /* AppDelegate.swift in Sources */ = {isa = PBXBuildFile; fileRef = EB3B8E162322330B0072564F /* AppDelegate.swift */; };
		EB3B8E192322330B0072564F /* ViewController.swift in Sources */ = {isa = PBXBuildFile; fileRef = EB3B8E182322330B0072564F /* ViewController.swift */; };
		EB3B8E1C2322330B0072564F /* Main.storyboard in Resources */ = {isa = PBXBuildFile; fileRef = EB3B8E1A2322330B0072564F /* Main.storyboard */; };
		EB3B8E1E2322330D0072564F /* Assets.xcassets in Resources */ = {isa = PBXBuildFile; fileRef = EB3B8E1D2322330D0072564F /* Assets.xcassets */; };
		EB3B8E212322330D0072564F /* LaunchScreen.storyboard in Resources */ = {isa = PBXBuildFile; fileRef = EB3B8E1F2322330D0072564F /* LaunchScreen.storyboard */; };
		EB836CBE2326577E000F0941 /* TableViewCell.xib in Resources */ = {isa = PBXBuildFile; fileRef = EB836CBC2326577E000F0941 /* TableViewCell.xib */; };
		EB836CBF2326577E000F0941 /* TableViewCell.swift in Sources */ = {isa = PBXBuildFile; fileRef = EB836CBD2326577E000F0941 /* TableViewCell.swift */; };
		EB836CC22326594F000F0941 /* Location.swift in Sources */ = {isa = PBXBuildFile; fileRef = EB836CC12326594F000F0941 /* Location.swift */; };
/* End PBXBuildFile section */

/* Begin PBXFileReference section */
		39CF61B707BA4CF79078B839 /* Pods_ProjectWinas.framework */ = {isa = PBXFileReference; explicitFileType = wrapper.framework; includeInIndex = 0; path = Pods_ProjectWinas.framework; sourceTree = BUILT_PRODUCTS_DIR; };
		5AD4F9B2E73F201FAB5B4DB1 /* Pods-ProjectWinas.debug.xcconfig */ = {isa = PBXFileReference; includeInIndex = 1; lastKnownFileType = text.xcconfig; name = "Pods-ProjectWinas.debug.xcconfig"; path = "Target Support Files/Pods-ProjectWinas/Pods-ProjectWinas.debug.xcconfig"; sourceTree = "<group>"; };
		796AD0C75DCA4A2D52FFDB87 /* Pods-ProjectWinas.release.xcconfig */ = {isa = PBXFileReference; includeInIndex = 1; lastKnownFileType = text.xcconfig; name = "Pods-ProjectWinas.release.xcconfig"; path = "Target Support Files/Pods-ProjectWinas/Pods-ProjectWinas.release.xcconfig"; sourceTree = "<group>"; };
		EB3B8E132322330B0072564F /* ProjectWinas.app */ = {isa = PBXFileReference; explicitFileType = wrapper.application; includeInIndex = 0; path = ProjectWinas.app; sourceTree = BUILT_PRODUCTS_DIR; };
		EB3B8E162322330B0072564F /* AppDelegate.swift */ = {isa = PBXFileReference; lastKnownFileType = sourcecode.swift; path = AppDelegate.swift; sourceTree = "<group>"; };
		EB3B8E182322330B0072564F /* ViewController.swift */ = {isa = PBXFileReference; lastKnownFileType = sourcecode.swift; path = ViewController.swift; sourceTree = "<group>"; };
		EB3B8E1B2322330B0072564F /* Base */ = {isa = PBXFileReference; lastKnownFileType = file.storyboard; name = Base; path = Base.lproj/Main.storyboard; sourceTree = "<group>"; };
		EB3B8E1D2322330D0072564F /* Assets.xcassets */ = {isa = PBXFileReference; lastKnownFileType = folder.assetcatalog; path = Assets.xcassets; sourceTree = "<group>"; };
		EB3B8E202322330D0072564F /* Base */ = {isa = PBXFileReference; lastKnownFileType = file.storyboard; name = Base; path = Base.lproj/LaunchScreen.storyboard; sourceTree = "<group>"; };
		EB3B8E222322330D0072564F /* Info.plist */ = {isa = PBXFileReference; lastKnownFileType = text.plist.xml; path = Info.plist; sourceTree = "<group>"; };
		EB836CBC2326577E000F0941 /* TableViewCell.xib */ = {isa = PBXFileReference; fileEncoding = 4; lastKnownFileType = file.xib; path = TableViewCell.xib; sourceTree = "<group>"; };
		EB836CBD2326577E000F0941 /* TableViewCell.swift */ = {isa = PBXFileReference; fileEncoding = 4; lastKnownFileType = sourcecode.swift; path = TableViewCell.swift; sourceTree = "<group>"; };
		EB836CC12326594F000F0941 /* Location.swift */ = {isa = PBXFileReference; lastKnownFileType = sourcecode.swift; path = Location.swift; sourceTree = "<group>"; };
/* End PBXFileReference section */

/* Begin PBXFrameworksBuildPhase section */
		EB3B8E102322330B0072564F /* Frameworks */ = {
			isa = PBXFrameworksBuildPhase;
			buildActionMask = 2147483647;
			files = (
				56A0737B618EDC4A1C4BD74F /* Pods_ProjectWinas.framework in Frameworks */,
			);
			runOnlyForDeploymentPostprocessing = 0;
		};
/* End PBXFrameworksBuildPhase section */

/* Begin PBXGroup section */
		6A401CAF5B4ED26705F3CB5E /* Pods */ = {
			isa = PBXGroup;
			children = (
				5AD4F9B2E73F201FAB5B4DB1 /* Pods-ProjectWinas.debug.xcconfig */,
				796AD0C75DCA4A2D52FFDB87 /* Pods-ProjectWinas.release.xcconfig */,
			);
			path = Pods;
			sourceTree = "<group>";
		};
		BC1DA16F0D1E17A3B1483F9C /* Frameworks */ = {
			isa = PBXGroup;
			children = (
				39CF61B707BA4CF79078B839 /* Pods_ProjectWinas.framework */,
			);
			name = Frameworks;
			sourceTree = "<group>";
		};
		EB3B8E0A2322330B0072564F = {
			isa = PBXGroup;
			children = (
				EB836CC02326590E000F0941 /* Models */,
				EB836CBB2326574C000F0941 /* Views */,
				EB3B8E152322330B0072564F /* ProjectWinas */,
				EB3B8E142322330B0072564F /* Products */,
				6A401CAF5B4ED26705F3CB5E /* Pods */,
				BC1DA16F0D1E17A3B1483F9C /* Frameworks */,
			);
			sourceTree = "<group>";
		};
		EB3B8E142322330B0072564F /* Products */ = {
			isa = PBXGroup;
			children = (
				EB3B8E132322330B0072564F /* ProjectWinas.app */,
			);
			name = Products;
			sourceTree = "<group>";
		};
		EB3B8E152322330B0072564F /* ProjectWinas */ = {
			isa = PBXGroup;
			children = (
				EB3B8E162322330B0072564F /* AppDelegate.swift */,
				EB3B8E182322330B0072564F /* ViewController.swift */,
				EB3B8E1A2322330B0072564F /* Main.storyboard */,
				EB3B8E1D2322330D0072564F /* Assets.xcassets */,
				EB3B8E1F2322330D0072564F /* LaunchScreen.storyboard */,
				EB3B8E222322330D0072564F /* Info.plist */,
			);
			path = ProjectWinas;
			sourceTree = "<group>";
		};
		EB836CBB2326574C000F0941 /* Views */ = {
			isa = PBXGroup;
			children = (
				EB836CBD2326577E000F0941 /* TableViewCell.swift */,
				EB836CBC2326577E000F0941 /* TableViewCell.xib */,
			);
			path = Views;
			sourceTree = "<group>";
		};
		EB836CC02326590E000F0941 /* Models */ = {
			isa = PBXGroup;
			children = (
				EB836CC12326594F000F0941 /* Location.swift */,
			);
			path = Models;
			sourceTree = "<group>";
		};
/* End PBXGroup section */

/* Begin PBXNativeTarget section */
		EB3B8E122322330B0072564F /* ProjectWinas */ = {
			isa = PBXNativeTarget;
			buildConfigurationList = EB3B8E252322330D0072564F /* Build configuration list for PBXNativeTarget "ProjectWinas" */;
			buildPhases = (
				4529439BDB56508DB008EC38 /* [CP] Check Pods Manifest.lock */,
				EB3B8E0F2322330B0072564F /* Sources */,
				EB3B8E102322330B0072564F /* Frameworks */,
				EB3B8E112322330B0072564F /* Resources */,
				F4056B379B1A96690FD8C201 /* [CP] Embed Pods Frameworks */,
			);
			buildRules = (
			);
			dependencies = (
			);
			name = ProjectWinas;
			productName = ProjectWinas;
			productReference = EB3B8E132322330B0072564F /* ProjectWinas.app */;
			productType = "com.apple.product-type.application";
		};
/* End PBXNativeTarget section */

/* Begin PBXProject section */
		EB3B8E0B2322330B0072564F /* Project object */ = {
			isa = PBXProject;
			attributes = {
				LastSwiftUpdateCheck = 1030;
				LastUpgradeCheck = 1030;
				ORGANIZATIONNAME = "Md. Ahsan Ullah Rasel";
				TargetAttributes = {
					EB3B8E122322330B0072564F = {
						CreatedOnToolsVersion = 10.3;
					};
				};
			};
			buildConfigurationList = EB3B8E0E2322330B0072564F /* Build configuration list for PBXProject "ProjectWinas" */;
			compatibilityVersion = "Xcode 9.3";
			developmentRegion = en;
			hasScannedForEncodings = 0;
			knownRegions = (
				en,
				Base,
			);
			mainGroup = EB3B8E0A2322330B0072564F;
			productRefGroup = EB3B8E142322330B0072564F /* Products */;
			projectDirPath = "";
			projectRoot = "";
			targets = (
				EB3B8E122322330B0072564F /* ProjectWinas */,
			);
		};
/* End PBXProject section */

/* Begin PBXResourcesBuildPhase section */
		EB3B8E112322330B0072564F /* Resources */ = {
			isa = PBXResourcesBuildPhase;
			buildActionMask = 2147483647;
			files = (
				EB3B8E212322330D0072564F /* LaunchScreen.storyboard in Resources */,
				EB836CBE2326577E000F0941 /* TableViewCell.xib in Resources */,
				EB3B8E1E2322330D0072564F /* Assets.xcassets in Resources */,
				EB3B8E1C2322330B0072564F /* Main.storyboard in Resources */,
			);
			runOnlyForDeploymentPostprocessing = 0;
		};
/* End PBXResourcesBuildPhase section */

/* Begin PBXShellScriptBuildPhase section */
		4529439BDB56508DB008EC38 /* [CP] Check Pods Manifest.lock */ = {
			isa = PBXShellScriptBuildPhase;
			buildActionMask = 2147483647;
			files = (
			);
			inputFileListPaths = (
			);
			inputPaths = (
				"${PODS_PODFILE_DIR_PATH}/Podfile.lock",
				"${PODS_ROOT}/Manifest.lock",
			);
			name = "[CP] Check Pods Manifest.lock";
			outputFileListPaths = (
			);
			outputPaths = (
				"$(DERIVED_FILE_DIR)/Pods-ProjectWinas-checkManifestLockResult.txt",
			);
			runOnlyForDeploymentPostprocessing = 0;
			shellPath = /bin/sh;
			shellScript = "diff \"${PODS_PODFILE_DIR_PATH}/Podfile.lock\" \"${PODS_ROOT}/Manifest.lock\" > /dev/null\nif [ $? != 0 ] ; then\n    # print error to STDERR\n    echo \"error: The sandbox is not in sync with the Podfile.lock. Run 'pod install' or update your CocoaPods installation.\" >&2\n    exit 1\nfi\n# This output is used by Xcode 'outputs' to avoid re-running this script phase.\necho \"SUCCESS\" > \"${SCRIPT_OUTPUT_FILE_0}\"\n";
			showEnvVarsInLog = 0;
		};
		F4056B379B1A96690FD8C201 /* [CP] Embed Pods Frameworks */ = {
			isa = PBXShellScriptBuildPhase;
			buildActionMask = 2147483647;
			files = (
			);
			inputFileListPaths = (
				"${PODS_ROOT}/Target Support Files/Pods-ProjectWinas/Pods-ProjectWinas-frameworks-${CONFIGURATION}-input-files.xcfilelist",
			);
			name = "[CP] Embed Pods Frameworks";
			outputFileListPaths = (
				"${PODS_ROOT}/Target Support Files/Pods-ProjectWinas/Pods-ProjectWinas-frameworks-${CONFIGURATION}-output-files.xcfilelist",
			);
			runOnlyForDeploymentPostprocessing = 0;
			shellPath = /bin/sh;
			shellScript = "\"${PODS_ROOT}/Target Support Files/Pods-ProjectWinas/Pods-ProjectWinas-frameworks.sh\"\n";
			showEnvVarsInLog = 0;
		};
/* End PBXShellScriptBuildPhase section */

/* Begin PBXSourcesBuildPhase section */
		EB3B8E0F2322330B0072564F /* Sources */ = {
			isa = PBXSourcesBuildPhase;
			buildActionMask = 2147483647;
			files = (
				EB836CBF2326577E000F0941 /* TableViewCell.swift in Sources */,
				EB3B8E192322330B0072564F /* ViewController.swift in Sources */,
				EB836CC22326594F000F0941 /* Location.swift in Sources */,
				EB3B8E172322330B0072564F /* AppDelegate.swift in Sources */,
			);
			runOnlyForDeploymentPostprocessing = 0;
		};
/* End PBXSourcesBuildPhase section */

/* Begin PBXVariantGroup section */
		EB3B8E1A2322330B0072564F /* Main.storyboard */ = {
			isa = PBXVariantGroup;
			children = (
				EB3B8E1B2322330B0072564F /* Base */,
			);
			name = Main.storyboard;
			sourceTree = "<group>";
		};
		EB3B8E1F2322330D0072564F /* LaunchScreen.storyboard */ = {
			isa = PBXVariantGroup;
			children = (
				EB3B8E202322330D0072564F /* Base */,
			);
			name = LaunchScreen.storyboard;
			sourceTree = "<group>";
		};
/* End PBXVariantGroup section */

/* Begin XCBuildConfiguration section */
		EB3B8E232322330D0072564F /* Debug */ = {
			isa = XCBuildConfiguration;
			buildSettings = {
				ALWAYS_SEARCH_USER_PATHS = NO;
				CLANG_ANALYZER_NONNULL = YES;
				CLANG_ANALYZER_NUMBER_OBJECT_CONVERSION = YES_AGGRESSIVE;
				CLANG_CXX_LANGUAGE_STANDARD = "gnu++14";
				CLANG_CXX_LIBRARY = "libc++";
				CLANG_ENABLE_MODULES = YES;
				CLANG_ENABLE_OBJC_ARC = YES;
				CLANG_ENABLE_OBJC_WEAK = YES;
				CLANG_WARN_BLOCK_CAPTURE_AUTORELEASING = YES;
				CLANG_WARN_BOOL_CONVERSION = YES;
				CLANG_WARN_COMMA = YES;
				CLANG_WARN_CONSTANT_CONVERSION = YES;
				CLANG_WARN_DEPRECATED_OBJC_IMPLEMENTATIONS = YES;
				CLANG_WARN_DIRECT_OBJC_ISA_USAGE = YES_ERROR;
				CLANG_WARN_DOCUMENTATION_COMMENTS = YES;
				CLANG_WARN_EMPTY_BODY = YES;
				CLANG_WARN_ENUM_CONVERSION = YES;
				CLANG_WARN_INFINITE_RECURSION = YES;
				CLANG_WARN_INT_CONVERSION = YES;
				CLANG_WARN_NON_LITERAL_NULL_CONVERSION = YES;
				CLANG_WARN_OBJC_IMPLICIT_RETAIN_SELF = YES;
				CLANG_WARN_OBJC_LITERAL_CONVERSION = YES;
				CLANG_WARN_OBJC_ROOT_CLASS = YES_ERROR;
				CLANG_WARN_RANGE_LOOP_ANALYSIS = YES;
				CLANG_WARN_STRICT_PROTOTYPES = YES;
				CLANG_WARN_SUSPICIOUS_MOVE = YES;
				CLANG_WARN_UNGUARDED_AVAILABILITY = YES_AGGRESSIVE;
				CLANG_WARN_UNREACHABLE_CODE = YES;
				CLANG_WARN__DUPLICATE_METHOD_MATCH = YES;
				CODE_SIGN_IDENTITY = "iPhone Developer";
				COPY_PHASE_STRIP = NO;
				DEBUG_INFORMATION_FORMAT = dwarf;
				ENABLE_STRICT_OBJC_MSGSEND = YES;
				ENABLE_TESTABILITY = YES;
				GCC_C_LANGUAGE_STANDARD = gnu11;
				GCC_DYNAMIC_NO_PIC = NO;
				GCC_NO_COMMON_BLOCKS = YES;
				GCC_OPTIMIZATION_LEVEL = 0;
				GCC_PREPROCESSOR_DEFINITIONS = (
					"DEBUG=1",
					"$(inherited)",
				);
				GCC_WARN_64_TO_32_BIT_CONVERSION = YES;
				GCC_WARN_ABOUT_RETURN_TYPE = YES_ERROR;
				GCC_WARN_UNDECLARED_SELECTOR = YES;
				GCC_WARN_UNINITIALIZED_AUTOS = YES_AGGRESSIVE;
				GCC_WARN_UNUSED_FUNCTION = YES;
				GCC_WARN_UNUSED_VARIABLE = YES;
				IPHONEOS_DEPLOYMENT_TARGET = 12.4;
				MTL_ENABLE_DEBUG_INFO = INCLUDE_SOURCE;
				MTL_FAST_MATH = YES;
				ONLY_ACTIVE_ARCH = YES;
				SDKROOT = iphoneos;
				SWIFT_ACTIVE_COMPILATION_CONDITIONS = DEBUG;
				SWIFT_OPTIMIZATION_LEVEL = "-Onone";
			};
			name = Debug;
		};
		EB3B8E242322330D0072564F /* Release */ = {
			isa = XCBuildConfiguration;
			buildSettings = {
				ALWAYS_SEARCH_USER_PATHS = NO;
				CLANG_ANALYZER_NONNULL = YES;
				CLANG_ANALYZER_NUMBER_OBJECT_CONVERSION = YES_AGGRESSIVE;
				CLANG_CXX_LANGUAGE_STANDARD = "gnu++14";
				CLANG_CXX_LIBRARY = "libc++";
				CLANG_ENABLE_MODULES = YES;
				CLANG_ENABLE_OBJC_ARC = YES;
				CLANG_ENABLE_OBJC_WEAK = YES;
				CLANG_WARN_BLOCK_CAPTURE_AUTORELEASING = YES;
				CLANG_WARN_BOOL_CONVERSION = YES;
				CLANG_WARN_COMMA = YES;
				CLANG_WARN_CONSTANT_CONVERSION = YES;
				CLANG_WARN_DEPRECATED_OBJC_IMPLEMENTATIONS = YES;
				CLANG_WARN_DIRECT_OBJC_ISA_USAGE = YES_ERROR;
				CLANG_WARN_DOCUMENTATION_COMMENTS = YES;
				CLANG_WARN_EMPTY_BODY = YES;
				CLANG_WARN_ENUM_CONVERSION = YES;
				CLANG_WARN_INFINITE_RECURSION = YES;
				CLANG_WARN_INT_CONVERSION = YES;
				CLANG_WARN_NON_LITERAL_NULL_CONVERSION = YES;
				CLANG_WARN_OBJC_IMPLICIT_RETAIN_SELF = YES;
				CLANG_WARN_OBJC_LITERAL_CONVERSION = YES;
				CLANG_WARN_OBJC_ROOT_CLASS = YES_ERROR;
				CLANG_WARN_RANGE_LOOP_ANALYSIS = YES;
				CLANG_WARN_STRICT_PROTOTYPES = YES;
				CLANG_WARN_SUSPICIOUS_MOVE = YES;
				CLANG_WARN_UNGUARDED_AVAILABILITY = YES_AGGRESSIVE;
				CLANG_WARN_UNREACHABLE_CODE = YES;
				CLANG_WARN__DUPLICATE_METHOD_MATCH = YES;
				CODE_SIGN_IDENTITY = "iPhone Developer";
				COPY_PHASE_STRIP = NO;
				DEBUG_INFORMATION_FORMAT = "dwarf-with-dsym";
				ENABLE_NS_ASSERTIONS = NO;
				ENABLE_STRICT_OBJC_MSGSEND = YES;
				GCC_C_LANGUAGE_STANDARD = gnu11;
				GCC_NO_COMMON_BLOCKS = YES;
				GCC_WARN_64_TO_32_BIT_CONVERSION = YES;
				GCC_WARN_ABOUT_RETURN_TYPE = YES_ERROR;
				GCC_WARN_UNDECLARED_SELECTOR = YES;
				GCC_WARN_UNINITIALIZED_AUTOS = YES_AGGRESSIVE;
				GCC_WARN_UNUSED_FUNCTION = YES;
				GCC_WARN_UNUSED_VARIABLE = YES;
				IPHONEOS_DEPLOYMENT_TARGET = 12.4;
				MTL_ENABLE_DEBUG_INFO = NO;
				MTL_FAST_MATH = YES;
				SDKROOT = iphoneos;
				SWIFT_COMPILATION_MODE = wholemodule;
				SWIFT_OPTIMIZATION_LEVEL = "-O";
				VALIDATE_PRODUCT = YES;
			};
			name = Release;
		};
		EB3B8E262322330D0072564F /* Debug */ = {
			isa = XCBuildConfiguration;
			baseConfigurationReference = 5AD4F9B2E73F201FAB5B4DB1 /* Pods-ProjectWinas.debug.xcconfig */;
			buildSettings = {
				ASSETCATALOG_COMPILER_APPICON_NAME = AppIcon;
				CODE_SIGN_STYLE = Automatic;
				DEVELOPMENT_TEAM = XKDH9346P3;
				INFOPLIST_FILE = ProjectWinas/Info.plist;
				LD_RUNPATH_SEARCH_PATHS = (
					"$(inherited)",
					"@executable_path/Frameworks",
				);
				PRODUCT_BUNDLE_IDENTIFIER = com.rasel.ProjectWinas;
				PRODUCT_NAME = "$(TARGET_NAME)";
				SWIFT_VERSION = 5.0;
				TARGETED_DEVICE_FAMILY = "1,2";
			};
			name = Debug;
		};
		EB3B8E272322330D0072564F /* Release */ = {
			isa = XCBuildConfiguration;
			baseConfigurationReference = 796AD0C75DCA4A2D52FFDB87 /* Pods-ProjectWinas.release.xcconfig */;
			buildSettings = {
				ASSETCATALOG_COMPILER_APPICON_NAME = AppIcon;
				CODE_SIGN_STYLE = Automatic;
				DEVELOPMENT_TEAM = XKDH9346P3;
				INFOPLIST_FILE = ProjectWinas/Info.plist;
				LD_RUNPATH_SEARCH_PATHS = (
					"$(inherited)",
					"@executable_path/Frameworks",
				);
				PRODUCT_BUNDLE_IDENTIFIER = com.rasel.ProjectWinas;
				PRODUCT_NAME = "$(TARGET_NAME)";
				SWIFT_VERSION = 5.0;
				TARGETED_DEVICE_FAMILY = "1,2";
			};
			name = Release;
		};
/* End XCBuildConfiguration section */

/* Begin XCConfigurationList section */
		EB3B8E0E2322330B0072564F /* Build configuration list for PBXProject "ProjectWinas" */ = {
			isa = XCConfigurationList;
			buildConfigurations = (
				EB3B8E232322330D0072564F /* Debug */,
				EB3B8E242322330D0072564F /* Release */,
			);
			defaultConfigurationIsVisible = 0;
			defaultConfigurationName = Release;
		};
		EB3B8E252322330D0072564F /* Build configuration list for PBXNativeTarget "ProjectWinas" */ = {
			isa = XCConfigurationList;
			buildConfigurations = (
				EB3B8E262322330D0072564F /* Debug */,
				EB3B8E272322330D0072564F /* Release */,
			);
			defaultConfigurationIsVisible = 0;
			defaultConfigurationName = Release;
		};
/* End XCConfigurationList section */
	};
	rootObject = EB3B8E0B2322330B0072564F /* Project object */;
}
